
Microsoft Visual Studio Solution File, Format Version 12.00
# Visual Studio Version 17
VisualStudioVersion = 17.0.31903.59
MinimumVisualStudioVersion = 10.0.40219.1
Project("{FAE04EC0-301F-11D3-BF4B-00C04F79EFBC}") = "ATEC_API", "ATEC_API.csproj", "{851E67B4-4933-42B8-85A8-212B268E67D4}"
EndProject
Project("{FAE04EC0-301F-11D3-BF4B-00C04F79EFBC}") = "TEST_API", "TEST_API\TEST_API.csproj", "{B24A2B7B-6C2B-4967-8ED3-D5407A899399}"
EndProject
Global
	GlobalSection(SolutionConfigurationPlatforms) = preSolution
		Debug|Any CPU = Debug|Any CPU
		Release|Any CPU = Release|Any CPU
	EndGlobalSection
	GlobalSection(SolutionProperties) = preSolution
		HideSolutionNode = FALSE
	EndGlobalSection
	GlobalSection(ProjectConfigurationPlatforms) = postSolution
		{851E67B4-4933-42B8-85A8-212B268E67D4}.Debug|Any CPU.ActiveCfg = Debug|Any CPU
		{851E67B4-4933-42B8-85A8-212B268E67D4}.Debug|Any CPU.Build.0 = Debug|Any CPU
		{851E67B4-4933-42B8-85A8-212B268E67D4}.Release|Any CPU.ActiveCfg = Release|Any CPU
		{851E67B4-4933-42B8-85A8-212B268E67D4}.Release|Any CPU.Build.0 = Release|Any CPU
		{B24A2B7B-6C2B-4967-8ED3-D5407A899399}.Debug|Any CPU.ActiveCfg = Debug|Any CPU
		{B24A2B7B-6C2B-4967-8ED3-D5407A899399}.Debug|Any CPU.Build.0 = Debug|Any CPU
		{B24A2B7B-6C2B-4967-8ED3-D5407A899399}.Release|Any CPU.ActiveCfg = Release|Any CPU
		{B24A2B7B-6C2B-4967-8ED3-D5407A899399}.Release|Any CPU.Build.0 = Release|Any CPU
	EndGlobalSection
EndGlobal
